// !$*UTF8*$!
{
	archiveVersion = 1;
	classes = {
	};
	objectVersion = 50;
	objects = {

/* Begin PBXBuildFile section */
		71C7DB6F24DB830500B22771 /* AppDelegate.swift in Sources */ = {isa = PBXBuildFile; fileRef = 71C7DB6E24DB830500B22771 /* AppDelegate.swift */; };
		71C7DB7124DB830500B22771 /* SceneDelegate.swift in Sources */ = {isa = PBXBuildFile; fileRef = 71C7DB7024DB830500B22771 /* SceneDelegate.swift */; };
		71C7DB7324DB830500B22771 /* ViewController.swift in Sources */ = {isa = PBXBuildFile; fileRef = 71C7DB7224DB830500B22771 /* ViewController.swift */; };
		71C7DB7624DB830500B22771 /* Main.storyboard in Resources */ = {isa = PBXBuildFile; fileRef = 71C7DB7424DB830500B22771 /* Main.storyboard */; };
		71C7DB7824DB830900B22771 /* Assets.xcassets in Resources */ = {isa = PBXBuildFile; fileRef = 71C7DB7724DB830900B22771 /* Assets.xcassets */; };
		71C7DB7B24DB830900B22771 /* LaunchScreen.storyboard in Resources */ = {isa = PBXBuildFile; fileRef = 71C7DB7924DB830900B22771 /* LaunchScreen.storyboard */; };
		71C7DB8624DB830900B22771 /* TestTableViewTests.swift in Sources */ = {isa = PBXBuildFile; fileRef = 71C7DB8524DB830900B22771 /* TestTableViewTests.swift */; };
/* End PBXBuildFile section */

/* Begin PBXContainerItemProxy section */
		71C7DB8224DB830900B22771 /* PBXContainerItemProxy */ = {
			isa = PBXContainerItemProxy;
			containerPortal = 71C7DB6324DB830500B22771 /* Project object */;
			proxyType = 1;
			remoteGlobalIDString = 71C7DB6A24DB830500B22771;
			remoteInfo = TestTableView;
		};
/* End PBXContainerItemProxy section */

/* Begin PBXFileReference section */
		71C7DB6B24DB830500B22771 /* TestTableView.app */ = {isa = PBXFileReference; explicitFileType = wrapper.application; includeInIndex = 0; path = TestTableView.app; sourceTree = BUILT_PRODUCTS_DIR; };
		71C7DB6E24DB830500B22771 /* AppDelegate.swift */ = {isa = PBXFileReference; lastKnownFileType = sourcecode.swift; path = AppDelegate.swift; sourceTree = "<group>"; };
		71C7DB7024DB830500B22771 /* SceneDelegate.swift */ = {isa = PBXFileReference; lastKnownFileType = sourcecode.swift; path = SceneDelegate.swift; sourceTree = "<group>"; };
		71C7DB7224DB830500B22771 /* ViewController.swift */ = {isa = PBXFileReference; lastKnownFileType = sourcecode.swift; path = ViewController.swift; sourceTree = "<group>"; };
		71C7DB7524DB830500B22771 /* Base */ = {isa = PBXFileReference; lastKnownFileType = file.storyboard; name = Base; path = Base.lproj/Main.storyboard; sourceTree = "<group>"; };
		71C7DB7724DB830900B22771 /* Assets.xcassets */ = {isa = PBXFileReference; lastKnownFileType = folder.assetcatalog; path = Assets.xcassets; sourceTree = "<group>"; };
		71C7DB7A24DB830900B22771 /* Base */ = {isa = PBXFileReference; lastKnownFileType = file.storyboard; name = Base; path = Base.lproj/LaunchScreen.storyboard; sourceTree = "<group>"; };
		71C7DB7C24DB830900B22771 /* Info.plist */ = {isa = PBXFileReference; lastKnownFileType = text.plist.xml; path = Info.plist; sourceTree = "<group>"; };
		71C7DB8124DB830900B22771 /* TestTableViewTests.xctest */ = {isa = PBXFileReference; explicitFileType = wrapper.cfbundle; includeInIndex = 0; path = TestTableViewTests.xctest; sourceTree = BUILT_PRODUCTS_DIR; };
		71C7DB8524DB830900B22771 /* TestTableViewTests.swift */ = {isa = PBXFileReference; lastKnownFileType = sourcecode.swift; path = TestTableViewTests.swift; sourceTree = "<group>"; };
		71C7DB8724DB830900B22771 /* Info.plist */ = {isa = PBXFileReference; lastKnownFileType = text.plist.xml; path = Info.plist; sourceTree = "<group>"; };
/* End PBXFileReference section */

/* Begin PBXFrameworksBuildPhase section */
		71C7DB6824DB830500B22771 /* Frameworks */ = {
			isa = PBXFrameworksBuildPhase;
			buildActionMask = 2147483647;
			files = (
			);
			runOnlyForDeploymentPostprocessing = 0;
		};
		71C7DB7E24DB830900B22771 /* Frameworks */ = {
			isa = PBXFrameworksBuildPhase;
			buildActionMask = 2147483647;
			files = (
			);
			runOnlyForDeploymentPostprocessing = 0;
		};
/* End PBXFrameworksBuildPhase section */

/* Begin PBXGroup section */
		71C7DB6224DB830500B22771 = {
			isa = PBXGroup;
			children = (
				71C7DB6D24DB830500B22771 /* TestTableView */,
				71C7DB8424DB830900B22771 /* TestTableViewTests */,
				71C7DB6C24DB830500B22771 /* Products */,
			);
			sourceTree = "<group>";
		};
		71C7DB6C24DB830500B22771 /* Products */ = {
			isa = PBXGroup;
			children = (
				71C7DB6B24DB830500B22771 /* TestTableView.app */,
				71C7DB8124DB830900B22771 /* TestTableViewTests.xctest */,
			);
			name = Products;
			sourceTree = "<group>";
		};
		71C7DB6D24DB830500B22771 /* TestTableView */ = {
			isa = PBXGroup;
			children = (
				71C7DB6E24DB830500B22771 /* AppDelegate.swift */,
				71C7DB7024DB830500B22771 /* SceneDelegate.swift */,
				71C7DB7224DB830500B22771 /* ViewController.swift */,
				71C7DB7424DB830500B22771 /* Main.storyboard */,
				71C7DB7724DB830900B22771 /* Assets.xcassets */,
				71C7DB7924DB830900B22771 /* LaunchScreen.storyboard */,
				71C7DB7C24DB830900B22771 /* Info.plist */,
			);
			path = TestTableView;
			sourceTree = "<group>";
		};
		71C7DB8424DB830900B22771 /* TestTableViewTests */ = {
			isa = PBXGroup;
			children = (
				71C7DB8524DB830900B22771 /* TestTableViewTests.swift */,
				71C7DB8724DB830900B22771 /* Info.plist */,
			);
			path = TestTableViewTests;
			sourceTree = "<group>";
		};
/* End PBXGroup section */

/* Begin PBXNativeTarget section */
		71C7DB6A24DB830500B22771 /* TestTableView */ = {
			isa = PBXNativeTarget;
			buildConfigurationList = 71C7DB8A24DB830900B22771 /* Build configuration list for PBXNativeTarget "TestTableView" */;
			buildPhases = (
				71C7DB6724DB830500B22771 /* Sources */,
				71C7DB6824DB830500B22771 /* Frameworks */,
				71C7DB6924DB830500B22771 /* Resources */,
			);
			buildRules = (
			);
			dependencies = (
			);
			name = TestTableView;
			productName = TestTableView;
			productReference = 71C7DB6B24DB830500B22771 /* TestTableView.app */;
			productType = "com.apple.product-type.application";
		};
		71C7DB8024DB830900B22771 /* TestTableViewTests */ = {
			isa = PBXNativeTarget;
			buildConfigurationList = 71C7DB8D24DB830900B22771 /* Build configuration list for PBXNativeTarget "TestTableViewTests" */;
			buildPhases = (
				71C7DB7D24DB830900B22771 /* Sources */,
				71C7DB7E24DB830900B22771 /* Frameworks */,
				71C7DB7F24DB830900B22771 /* Resources */,
			);
			buildRules = (
			);
			dependencies = (
				71C7DB8324DB830900B22771 /* PBXTargetDependency */,
			);
			name = TestTableViewTests;
			productName = TestTableViewTests;
			productReference = 71C7DB8124DB830900B22771 /* TestTableViewTests.xctest */;
			productType = "com.apple.product-type.bundle.unit-test";
		};
/* End PBXNativeTarget section */

/* Begin PBXProject section */
		71C7DB6324DB830500B22771 /* Project object */ = {
			isa = PBXProject;
			attributes = {
				LastSwiftUpdateCheck = 1140;
				LastUpgradeCheck = 1140;
				ORGANIZATIONNAME = "Stefan V. de Moraes";
				TargetAttributes = {
					71C7DB6A24DB830500B22771 = {
						CreatedOnToolsVersion = 11.4.1;
					};
					71C7DB8024DB830900B22771 = {
						CreatedOnToolsVersion = 11.4.1;
						TestTargetID = 71C7DB6A24DB830500B22771;
					};
				};
			};
			buildConfigurationList = 71C7DB6624DB830500B22771 /* Build configuration list for PBXProject "TestTableView" */;
			compatibilityVersion = "Xcode 9.3";
			developmentRegion = en;
			hasScannedForEncodings = 0;
			knownRegions = (
				en,
				Base,
			);
			mainGroup = 71C7DB6224DB830500B22771;
			productRefGroup = 71C7DB6C24DB830500B22771 /* Products */;
			projectDirPath = "";
			projectRoot = "";
			targets = (
				71C7DB6A24DB830500B22771 /* TestTableView */,
				71C7DB8024DB830900B22771 /* TestTableViewTests */,
			);
		};
/* End PBXProject section */

/* Begin PBXResourcesBuildPhase section */
		71C7DB6924DB830500B22771 /* Resources */ = {
			isa = PBXResourcesBuildPhase;
			buildActionMask = 2147483647;
			files = (
				71C7DB7B24DB830900B22771 /* LaunchScreen.storyboard in Resources */,
				71C7DB7824DB830900B22771 /* Assets.xcassets in Resources */,
				71C7DB7624DB830500B22771 /* Main.storyboard in Resources */,
			);
			runOnlyForDeploymentPostprocessing = 0;
		};
		71C7DB7F24DB830900B22771 /* Resources */ = {
			isa = PBXResourcesBuildPhase;
			buildActionMask = 2147483647;
			files = (
			);
			runOnlyForDeploymentPostprocessing = 0;
		};
/* End PBXResourcesBuildPhase section */

/* Begin PBXSourcesBuildPhase section */
		71C7DB6724DB830500B22771 /* Sources */ = {
			isa = PBXSourcesBuildPhase;
			buildActionMask = 2147483647;
			files = (
				71C7DB7324DB830500B22771 /* ViewController.swift in Sources */,
				71C7DB6F24DB830500B22771 /* AppDelegate.swift in Sources */,
				71C7DB7124DB830500B22771 /* SceneDelegate.swift in Sources */,
			);
			runOnlyForDeploymentPostprocessing = 0;
		};
		71C7DB7D24DB830900B22771 /* Sources */ = {
			isa = PBXSourcesBuildPhase;
			buildActionMask = 2147483647;
			files = (
				71C7DB8624DB830900B22771 /* TestTableViewTests.swift in Sources */,
			);
			runOnlyForDeploymentPostprocessing = 0;
		};
/* End PBXSourcesBuildPhase section */

/* Begin PBXTargetDependency section */
		71C7DB8324DB830900B22771 /* PBXTargetDependency */ = {
			isa = PBXTargetDependency;
			target = 71C7DB6A24DB830500B22771 /* TestTableView */;
			targetProxy = 71C7DB8224DB830900B22771 /* PBXContainerItemProxy */;
		};
/* End PBXTargetDependency section */

/* Begin PBXVariantGroup section */
		71C7DB7424DB830500B22771 /* Main.storyboard */ = {
			isa = PBXVariantGroup;
			children = (
				71C7DB7524DB830500B22771 /* Base */,
			);
			name = Main.storyboard;
			sourceTree = "<group>";
		};
		71C7DB7924DB830900B22771 /* LaunchScreen.storyboard */ = {
			isa = PBXVariantGroup;
			children = (
				71C7DB7A24DB830900B22771 /* Base */,
			);
			name = LaunchScreen.storyboard;
			sourceTree = "<group>";
		};
/* End PBXVariantGroup section */

/* Begin XCBuildConfiguration section */
		71C7DB8824DB830900B22771 /* Debug */ = {
			isa = XCBuildConfiguration;
			buildSettings = {
				ALWAYS_SEARCH_USER_PATHS = NO;
				CLANG_ANALYZER_NONNULL = YES;
				CLANG_ANALYZER_NUMBER_OBJECT_CONVERSION = YES_AGGRESSIVE;
				CLANG_CXX_LANGUAGE_STANDARD = "gnu++14";
				CLANG_CXX_LIBRARY = "libc++";
				CLANG_ENABLE_MODULES = YES;
				CLANG_ENABLE_OBJC_ARC = YES;
				CLANG_ENABLE_OBJC_WEAK = YES;
				CLANG_WARN_BLOCK_CAPTURE_AUTORELEASING = YES;
				CLANG_WARN_BOOL_CONVERSION = YES;
				CLANG_WARN_COMMA = YES;
				CLANG_WARN_CONSTANT_CONVERSION = YES;
				CLANG_WARN_DEPRECATED_OBJC_IMPLEMENTATIONS = YES;
				CLANG_WARN_DIRECT_OBJC_ISA_USAGE = YES_ERROR;
				CLANG_WARN_DOCUMENTATION_COMMENTS = YES;
				CLANG_WARN_EMPTY_BODY = YES;
				CLANG_WARN_ENUM_CONVERSION = YES;
				CLANG_WARN_INFINITE_RECURSION = YES;
				CLANG_WARN_INT_CONVERSION = YES;
				CLANG_WARN_NON_LITERAL_NULL_CONVERSION = YES;
				CLANG_WARN_OBJC_IMPLICIT_RETAIN_SELF = YES;
				CLANG_WARN_OBJC_LITERAL_CONVERSION = YES;
				CLANG_WARN_OBJC_ROOT_CLASS = YES_ERROR;
				CLANG_WARN_RANGE_LOOP_ANALYSIS = YES;
				CLANG_WARN_STRICT_PROTOTYPES = YES;
				CLANG_WARN_SUSPICIOUS_MOVE = YES;
				CLANG_WARN_UNGUARDED_AVAILABILITY = YES_AGGRESSIVE;
				CLANG_WARN_UNREACHABLE_CODE = YES;
				CLANG_WARN__DUPLICATE_METHOD_MATCH = YES;
				COPY_PHASE_STRIP = NO;
				DEBUG_INFORMATION_FORMAT = dwarf;
				ENABLE_STRICT_OBJC_MSGSEND = YES;
				ENABLE_TESTABILITY = YES;
				GCC_C_LANGUAGE_STANDARD = gnu11;
				GCC_DYNAMIC_NO_PIC = NO;
				GCC_NO_COMMON_BLOCKS = YES;
				GCC_OPTIMIZATION_LEVEL = 0;
				GCC_PREPROCESSOR_DEFINITIONS = (
					"DEBUG=1",
					"$(inherited)",
				);
				GCC_WARN_64_TO_32_BIT_CONVERSION = YES;
				GCC_WARN_ABOUT_RETURN_TYPE = YES_ERROR;
				GCC_WARN_UNDECLARED_SELECTOR = YES;
				GCC_WARN_UNINITIALIZED_AUTOS = YES_AGGRESSIVE;
				GCC_WARN_UNUSED_FUNCTION = YES;
				GCC_WARN_UNUSED_VARIABLE = YES;
				IPHONEOS_DEPLOYMENT_TARGET = 13.4;
				MTL_ENABLE_DEBUG_INFO = INCLUDE_SOURCE;
				MTL_FAST_MATH = YES;
				ONLY_ACTIVE_ARCH = YES;
				SDKROOT = iphoneos;
				SWIFT_ACTIVE_COMPILATION_CONDITIONS = DEBUG;
				SWIFT_OPTIMIZATION_LEVEL = "-Onone";
			};
			name = Debug;
		};
		71C7DB8924DB830900B22771 /* Release */ = {
			isa = XCBuildConfiguration;
			buildSettings = {
				ALWAYS_SEARCH_USER_PATHS = NO;
				CLANG_ANALYZER_NONNULL = YES;
				CLANG_ANALYZER_NUMBER_OBJECT_CONVERSION = YES_AGGRESSIVE;
				CLANG_CXX_LANGUAGE_STANDARD = "gnu++14";
				CLANG_CXX_LIBRARY = "libc++";
				CLANG_ENABLE_MODULES = YES;
				CLANG_ENABLE_OBJC_ARC = YES;
				CLANG_ENABLE_OBJC_WEAK = YES;
				CLANG_WARN_BLOCK_CAPTURE_AUTORELEASING = YES;
				CLANG_WARN_BOOL_CONVERSION = YES;
				CLANG_WARN_COMMA = YES;
				CLANG_WARN_CONSTANT_CONVERSION = YES;
				CLANG_WARN_DEPRECATED_OBJC_IMPLEMENTATIONS = YES;
				CLANG_WARN_DIRECT_OBJC_ISA_USAGE = YES_ERROR;
				CLANG_WARN_DOCUMENTATION_COMMENTS = YES;
				CLANG_WARN_EMPTY_BODY = YES;
				CLANG_WARN_ENUM_CONVERSION = YES;
				CLANG_WARN_INFINITE_RECURSION = YES;
				CLANG_WARN_INT_CONVERSION = YES;
				CLANG_WARN_NON_LITERAL_NULL_CONVERSION = YES;
				CLANG_WARN_OBJC_IMPLICIT_RETAIN_SELF = YES;
				CLANG_WARN_OBJC_LITERAL_CONVERSION = YES;
				CLANG_WARN_OBJC_ROOT_CLASS = YES_ERROR;
				CLANG_WARN_RANGE_LOOP_ANALYSIS = YES;
				CLANG_WARN_STRICT_PROTOTYPES = YES;
				CLANG_WARN_SUSPICIOUS_MOVE = YES;
				CLANG_WARN_UNGUARDED_AVAILABILITY = YES_AGGRESSIVE;
				CLANG_WARN_UNREACHABLE_CODE = YES;
				CLANG_WARN__DUPLICATE_METHOD_MATCH = YES;
				COPY_PHASE_STRIP = NO;
				DEBUG_INFORMATION_FORMAT = "dwarf-with-dsym";
				ENABLE_NS_ASSERTIONS = NO;
				ENABLE_STRICT_OBJC_MSGSEND = YES;
				GCC_C_LANGUAGE_STANDARD = gnu11;
				GCC_NO_COMMON_BLOCKS = YES;
				GCC_WARN_64_TO_32_BIT_CONVERSION = YES;
				GCC_WARN_ABOUT_RETURN_TYPE = YES_ERROR;
				GCC_WARN_UNDECLARED_SELECTOR = YES;
				GCC_WARN_UNINITIALIZED_AUTOS = YES_AGGRESSIVE;
				GCC_WARN_UNUSED_FUNCTION = YES;
				GCC_WARN_UNUSED_VARIABLE = YES;
				IPHONEOS_DEPLOYMENT_TARGET = 13.4;
				MTL_ENABLE_DEBUG_INFO = NO;
				MTL_FAST_MATH = YES;
				SDKROOT = iphoneos;
				SWIFT_COMPILATION_MODE = wholemodule;
				SWIFT_OPTIMIZATION_LEVEL = "-O";
				VALIDATE_PRODUCT = YES;
			};
			name = Release;
		};
		71C7DB8B24DB830900B22771 /* Debug */ = {
			isa = XCBuildConfiguration;
			buildSettings = {
				ASSETCATALOG_COMPILER_APPICON_NAME = AppIcon;
				CODE_SIGN_STYLE = Automatic;
				DEVELOPMENT_TEAM = CUPVNHUL72;
				INFOPLIST_FILE = TestTableView/Info.plist;
				LD_RUNPATH_SEARCH_PATHS = (
					"$(inherited)",
					"@executable_path/Frameworks",
				);
				PRODUCT_BUNDLE_IDENTIFIER = com.stefan.TestTableView;
				PRODUCT_NAME = "$(TARGET_NAME)";
				SWIFT_VERSION = 5.0;
				TARGETED_DEVICE_FAMILY = "1,2";
			};
			name = Debug;
		};
		71C7DB8C24DB830900B22771 /* Release */ = {
			isa = XCBuildConfiguration;
			buildSettings = {
				ASSETCATALOG_COMPILER_APPICON_NAME = AppIcon;
				CODE_SIGN_STYLE = Automatic;
				DEVELOPMENT_TEAM = CUPVNHUL72;
				INFOPLIST_FILE = TestTableView/Info.plist;
				LD_RUNPATH_SEARCH_PATHS = (
					"$(inherited)",
					"@executable_path/Frameworks",
				);
				PRODUCT_BUNDLE_IDENTIFIER = com.stefan.TestTableView;
				PRODUCT_NAME = "$(TARGET_NAME)";
				SWIFT_VERSION = 5.0;
				TARGETED_DEVICE_FAMILY = "1,2";
			};
			name = Release;
		};
		71C7DB8E24DB830900B22771 /* Debug */ = {
			isa = XCBuildConfiguration;
			buildSettings = {
				ALWAYS_EMBED_SWIFT_STANDARD_LIBRARIES = YES;
				BUNDLE_LOADER = "$(TEST_HOST)";
				CODE_SIGN_STYLE = Automatic;
				DEVELOPMENT_TEAM = CUPVNHUL72;
				INFOPLIST_FILE = TestTableViewTests/Info.plist;
				IPHONEOS_DEPLOYMENT_TARGET = 13.4;
				LD_RUNPATH_SEARCH_PATHS = (
					"$(inherited)",
					"@executable_path/Frameworks",
					"@loader_path/Frameworks",
				);
				PRODUCT_BUNDLE_IDENTIFIER = com.stefan.TestTableViewTests;
				PRODUCT_NAME = "$(TARGET_NAME)";
				SWIFT_VERSION = 5.0;
				TARGETED_DEVICE_FAMILY = "1,2";
				TEST_HOST = "$(BUILT_PRODUCTS_DIR)/TestTableView.app/TestTableView";
			};
			name = Debug;
		};
		71C7DB8F24DB830900B22771 /* Release */ = {
			isa = XCBuildConfiguration;
			buildSettings = {
				ALWAYS_EMBED_SWIFT_STANDARD_LIBRARIES = YES;
				BUNDLE_LOADER = "$(TEST_HOST)";
				CODE_SIGN_STYLE = Automatic;
				DEVELOPMENT_TEAM = CUPVNHUL72;
				INFOPLIST_FILE = TestTableViewTests/Info.plist;
				IPHONEOS_DEPLOYMENT_TARGET = 13.4;
				LD_RUNPATH_SEARCH_PATHS = (
					"$(inherited)",
					"@executable_path/Frameworks",
					"@loader_path/Frameworks",
				);
				PRODUCT_BUNDLE_IDENTIFIER = com.stefan.TestTableViewTests;
				PRODUCT_NAME = "$(TARGET_NAME)";
				SWIFT_VERSION = 5.0;
				TARGETED_DEVICE_FAMILY = "1,2";
				TEST_HOST = "$(BUILT_PRODUCTS_DIR)/TestTableView.app/TestTableView";
			};
			name = Release;
		};
/* End XCBuildConfiguration section */

/* Begin XCConfigurationList section */
		71C7DB6624DB830500B22771 /* Build configuration list for PBXProject "TestTableView" */ = {
			isa = XCConfigurationList;
			buildConfigurations = (
				71C7DB8824DB830900B22771 /* Debug */,
				71C7DB8924DB830900B22771 /* Release */,
			);
			defaultConfigurationIsVisible = 0;
			defaultConfigurationName = Release;
		};
		71C7DB8A24DB830900B22771 /* Build configuration list for PBXNativeTarget "TestTableView" */ = {
			isa = XCConfigurationList;
			buildConfigurations = (
				71C7DB8B24DB830900B22771 /* Debug */,
				71C7DB8C24DB830900B22771 /* Release */,
			);
			defaultConfigurationIsVisible = 0;
			defaultConfigurationName = Release;
		};
		71C7DB8D24DB830900B22771 /* Build configuration list for PBXNativeTarget "TestTableViewTests" */ = {
			isa = XCConfigurationList;
			buildConfigurations = (
				71C7DB8E24DB830900B22771 /* Debug */,
				71C7DB8F24DB830900B22771 /* Release */,
			);
			defaultConfigurationIsVisible = 0;
			defaultConfigurationName = Release;
		};
/* End XCConfigurationList section */
	};
	rootObject = 71C7DB6324DB830500B22771 /* Project object */;
}
